
Microsoft Visual Studio Solution File, Format Version 12.00
# Visual Studio 15
VisualStudioVersion = 15.0.28307.705
MinimumVisualStudioVersion = 10.0.40219.1
Project("{9A19103F-16F7-4668-BE54-9A1E7A4F7556}") = "KE.IdenticonSharp", "KE.IdenticonSharp\KE.IdenticonSharp.csproj", "{FD496D61-BBD0-4AC9-92D7-25B895501CD0}"
EndProject
Project("{9A19103F-16F7-4668-BE54-9A1E7A4F7556}") = "KE.IdenticonSharp.AspNetCore", "KE.IdenticonSharp.AspNetCore\KE.IdenticonSharp.AspNetCore.csproj", "{A2B2CB95-EDE4-4FC1-B3D2-672515375372}"
EndProject
Project("{9A19103F-16F7-4668-BE54-9A1E7A4F7556}") = "Preview", "Preview\Preview.csproj", "{E1748E31-38FF-45C6-99D5-0997F099D466}"
EndProject
Global
	GlobalSection(SolutionConfigurationPlatforms) = preSolution
		Debug|Any CPU = Debug|Any CPU
		Release|Any CPU = Release|Any CPU
	EndGlobalSection
	GlobalSection(ProjectConfigurationPlatforms) = postSolution
		{FD496D61-BBD0-4AC9-92D7-25B895501CD0}.Debug|Any CPU.ActiveCfg = Debug|Any CPU
		{FD496D61-BBD0-4AC9-92D7-25B895501CD0}.Debug|Any CPU.Build.0 = Debug|Any CPU
		{FD496D61-BBD0-4AC9-92D7-25B895501CD0}.Release|Any CPU.ActiveCfg = Release|Any CPU
		{FD496D61-BBD0-4AC9-92D7-25B895501CD0}.Release|Any CPU.Build.0 = Release|Any CPU
		{A2B2CB95-EDE4-4FC1-B3D2-672515375372}.Debug|Any CPU.ActiveCfg = Debug|Any CPU
		{A2B2CB95-EDE4-4FC1-B3D2-672515375372}.Debug|Any CPU.Build.0 = Debug|Any CPU
		{A2B2CB95-EDE4-4FC1-B3D2-672515375372}.Release|Any CPU.ActiveCfg = Release|Any CPU
		{A2B2CB95-EDE4-4FC1-B3D2-672515375372}.Release|Any CPU.Build.0 = Release|Any CPU
		{E1748E31-38FF-45C6-99D5-0997F099D466}.Debug|Any CPU.ActiveCfg = Debug|Any CPU
		{E1748E31-38FF-45C6-99D5-0997F099D466}.Debug|Any CPU.Build.0 = Debug|Any CPU
		{E1748E31-38FF-45C6-99D5-0997F099D466}.Release|Any CPU.ActiveCfg = Release|Any CPU
		{E1748E31-38FF-45C6-99D5-0997F099D466}.Release|Any CPU.Build.0 = Release|Any CPU
	EndGlobalSection
	GlobalSection(SolutionProperties) = preSolution
		HideSolutionNode = FALSE
	EndGlobalSection
	GlobalSection(ExtensibilityGlobals) = postSolution
		SolutionGuid = {75F7DBC4-08EF-4211-AD41-15C0EE51C5BE}
	EndGlobalSection
EndGlobal
